
Microsoft Visual Studio Solution File, Format Version 12.00
# Visual Studio Version 17
VisualStudioVersion = 17.6.33829.357
MinimumVisualStudioVersion = 10.0.40219.1
Project("{FAE04EC0-301F-11D3-BF4B-00C04F79EFBC}") = "casharpcanchi", "casharpcanchi.csproj", "{EC4307D3-46FD-4F50-8D74-5FE73EF488B9}"
EndProject
Global
	GlobalSection(SolutionConfigurationPlatforms) = preSolution
		Debug|Any CPU = Debug|Any CPU
		Release|Any CPU = Release|Any CPU
	EndGlobalSection
	GlobalSection(ProjectConfigurationPlatforms) = postSolution
		{EC4307D3-46FD-4F50-8D74-5FE73EF488B9}.Debug|Any CPU.ActiveCfg = Debug|Any CPU
		{EC4307D3-46FD-4F50-8D74-5FE73EF488B9}.Debug|Any CPU.Build.0 = Debug|Any CPU
		{EC4307D3-46FD-4F50-8D74-5FE73EF488B9}.Release|Any CPU.ActiveCfg = Release|Any CPU
		{EC4307D3-46FD-4F50-8D74-5FE73EF488B9}.Release|Any CPU.Build.0 = Release|Any CPU
	EndGlobalSection
	GlobalSection(SolutionProperties) = preSolution
		HideSolutionNode = FALSE
	EndGlobalSection
	GlobalSection(ExtensibilityGlobals) = postSolution
		SolutionGuid = {34F406FB-2BD9-4563-91D7-06F49502AACE}
	EndGlobalSection
EndGlobal
